// !$*UTF8*$!
{
	archiveVersion = 1;
	classes = {
	};
	objectVersion = 46;
	objects = {

/* Begin PBXBuildFile section */
		558592B07C5F9C42B8AC8CCE /* libPods-testProg.a in Frameworks */ = {isa = PBXBuildFile; fileRef = 2A3B1EB8C010119BC15ED324 /* libPods-testProg.a */; };
		86076B821B7B3AE100A015D3 /* LeftMenuViewViewController.m in Sources */ = {isa = PBXBuildFile; fileRef = 86076B811B7B3AE100A015D3 /* LeftMenuViewViewController.m */; };
		86076B851B7B5EA400A015D3 /* HomeViewController.m in Sources */ = {isa = PBXBuildFile; fileRef = 86076B841B7B5EA400A015D3 /* HomeViewController.m */; };
		86076B871B7B675A00A015D3 /* leftMenu.jpg in Resources */ = {isa = PBXBuildFile; fileRef = 86076B861B7B675A00A015D3 /* leftMenu.jpg */; };
		861C9A7C1B7888FE00479DD5 /* main.m in Sources */ = {isa = PBXBuildFile; fileRef = 861C9A7B1B7888FE00479DD5 /* main.m */; };
		861C9A7F1B7888FE00479DD5 /* AppDelegate.m in Sources */ = {isa = PBXBuildFile; fileRef = 861C9A7E1B7888FE00479DD5 /* AppDelegate.m */; };
		861C9A821B7888FE00479DD5 /* testProg.xcdatamodeld in Sources */ = {isa = PBXBuildFile; fileRef = 861C9A801B7888FE00479DD5 /* testProg.xcdatamodeld */; };
		861C9A851B7888FE00479DD5 /* ViewController.m in Sources */ = {isa = PBXBuildFile; fileRef = 861C9A841B7888FE00479DD5 /* ViewController.m */; };
		861C9A881B7888FE00479DD5 /* Main.storyboard in Resources */ = {isa = PBXBuildFile; fileRef = 861C9A861B7888FE00479DD5 /* Main.storyboard */; };
		861C9A8A1B7888FE00479DD5 /* Images.xcassets in Resources */ = {isa = PBXBuildFile; fileRef = 861C9A891B7888FE00479DD5 /* Images.xcassets */; };
		861C9A8D1B7888FE00479DD5 /* LaunchScreen.xib in Resources */ = {isa = PBXBuildFile; fileRef = 861C9A8B1B7888FE00479DD5 /* LaunchScreen.xib */; };
		861C9A991B7888FE00479DD5 /* testProgTests.m in Sources */ = {isa = PBXBuildFile; fileRef = 861C9A981B7888FE00479DD5 /* testProgTests.m */; };
		8699861D1B8B3CA0001810C0 /* UiWebView.m in Sources */ = {isa = PBXBuildFile; fileRef = 8699861C1B8B3CA0001810C0 /* UiWebView.m */; };
		86B3D5051B7CA22A00CA868F /* GoogleMapsApi.m in Sources */ = {isa = PBXBuildFile; fileRef = 86B3D5041B7CA22A00CA868F /* GoogleMapsApi.m */; };
/* End PBXBuildFile section */

/* Begin PBXContainerItemProxy section */
		861C9A931B7888FE00479DD5 /* PBXContainerItemProxy */ = {
			isa = PBXContainerItemProxy;
			containerPortal = 861C9A6E1B7888FE00479DD5 /* Project object */;
			proxyType = 1;
			remoteGlobalIDString = 861C9A751B7888FE00479DD5;
			remoteInfo = testProg;
		};
/* End PBXContainerItemProxy section */

/* Begin PBXFileReference section */
		1F332FB86A84EEF8D43DA2BE /* Pods-testProg.release.xcconfig */ = {isa = PBXFileReference; includeInIndex = 1; lastKnownFileType = text.xcconfig; name = "Pods-testProg.release.xcconfig"; path = "Pods/Target Support Files/Pods-testProg/Pods-testProg.release.xcconfig"; sourceTree = "<group>"; };
		2A3B1EB8C010119BC15ED324 /* libPods-testProg.a */ = {isa = PBXFileReference; explicitFileType = archive.ar; includeInIndex = 0; path = "libPods-testProg.a"; sourceTree = BUILT_PRODUCTS_DIR; };
		86076B801B7B3AE100A015D3 /* LeftMenuViewViewController.h */ = {isa = PBXFileReference; fileEncoding = 4; lastKnownFileType = sourcecode.c.h; path = LeftMenuViewViewController.h; sourceTree = "<group>"; };
		86076B811B7B3AE100A015D3 /* LeftMenuViewViewController.m */ = {isa = PBXFileReference; fileEncoding = 4; lastKnownFileType = sourcecode.c.objc; path = LeftMenuViewViewController.m; sourceTree = "<group>"; };
		86076B831B7B5EA400A015D3 /* HomeViewController.h */ = {isa = PBXFileReference; fileEncoding = 4; lastKnownFileType = sourcecode.c.h; path = HomeViewController.h; sourceTree = "<group>"; };
		86076B841B7B5EA400A015D3 /* HomeViewController.m */ = {isa = PBXFileReference; fileEncoding = 4; lastKnownFileType = sourcecode.c.objc; path = HomeViewController.m; sourceTree = "<group>"; };
		86076B861B7B675A00A015D3 /* leftMenu.jpg */ = {isa = PBXFileReference; lastKnownFileType = image.jpeg; name = leftMenu.jpg; path = "../../../../Downloads/iOS-Slide-Menu-master/SlideMenu/Images/leftMenu.jpg"; sourceTree = "<group>"; };
		861C9A761B7888FE00479DD5 /* testProg.app */ = {isa = PBXFileReference; explicitFileType = wrapper.application; includeInIndex = 0; path = testProg.app; sourceTree = BUILT_PRODUCTS_DIR; };
		861C9A7A1B7888FE00479DD5 /* Info.plist */ = {isa = PBXFileReference; lastKnownFileType = text.plist.xml; path = Info.plist; sourceTree = "<group>"; };
		861C9A7B1B7888FE00479DD5 /* main.m */ = {isa = PBXFileReference; lastKnownFileType = sourcecode.c.objc; path = main.m; sourceTree = "<group>"; };
		861C9A7D1B7888FE00479DD5 /* AppDelegate.h */ = {isa = PBXFileReference; lastKnownFileType = sourcecode.c.h; path = AppDelegate.h; sourceTree = "<group>"; };
		861C9A7E1B7888FE00479DD5 /* AppDelegate.m */ = {isa = PBXFileReference; lastKnownFileType = sourcecode.c.objc; path = AppDelegate.m; sourceTree = "<group>"; };
		861C9A811B7888FE00479DD5 /* testProg.xcdatamodel */ = {isa = PBXFileReference; lastKnownFileType = wrapper.xcdatamodel; path = testProg.xcdatamodel; sourceTree = "<group>"; };
		861C9A831B7888FE00479DD5 /* ViewController.h */ = {isa = PBXFileReference; lastKnownFileType = sourcecode.c.h; path = ViewController.h; sourceTree = "<group>"; };
		861C9A841B7888FE00479DD5 /* ViewController.m */ = {isa = PBXFileReference; lastKnownFileType = sourcecode.c.objc; path = ViewController.m; sourceTree = "<group>"; };
		861C9A871B7888FE00479DD5 /* Base */ = {isa = PBXFileReference; lastKnownFileType = file.storyboard; name = Base; path = Base.lproj/Main.storyboard; sourceTree = "<group>"; };
		861C9A891B7888FE00479DD5 /* Images.xcassets */ = {isa = PBXFileReference; lastKnownFileType = folder.assetcatalog; path = Images.xcassets; sourceTree = "<group>"; };
		861C9A8C1B7888FE00479DD5 /* Base */ = {isa = PBXFileReference; lastKnownFileType = file.xib; name = Base; path = Base.lproj/LaunchScreen.xib; sourceTree = "<group>"; };
		861C9A921B7888FE00479DD5 /* testProgTests.xctest */ = {isa = PBXFileReference; explicitFileType = wrapper.cfbundle; includeInIndex = 0; path = testProgTests.xctest; sourceTree = BUILT_PRODUCTS_DIR; };
		861C9A971B7888FE00479DD5 /* Info.plist */ = {isa = PBXFileReference; lastKnownFileType = text.plist.xml; path = Info.plist; sourceTree = "<group>"; };
		861C9A981B7888FE00479DD5 /* testProgTests.m */ = {isa = PBXFileReference; lastKnownFileType = sourcecode.c.objc; path = testProgTests.m; sourceTree = "<group>"; };
		8699861B1B8B3CA0001810C0 /* UiWebView.h */ = {isa = PBXFileReference; fileEncoding = 4; lastKnownFileType = sourcecode.c.h; path = UiWebView.h; sourceTree = "<group>"; };
		8699861C1B8B3CA0001810C0 /* UiWebView.m */ = {isa = PBXFileReference; fileEncoding = 4; lastKnownFileType = sourcecode.c.objc; path = UiWebView.m; sourceTree = "<group>"; };
		86B3D5031B7CA22A00CA868F /* GoogleMapsApi.h */ = {isa = PBXFileReference; fileEncoding = 4; lastKnownFileType = sourcecode.c.h; path = GoogleMapsApi.h; sourceTree = "<group>"; };
		86B3D5041B7CA22A00CA868F /* GoogleMapsApi.m */ = {isa = PBXFileReference; fileEncoding = 4; lastKnownFileType = sourcecode.c.objc; path = GoogleMapsApi.m; sourceTree = "<group>"; };
		C2D2BD2BB7F26E2E2B9A0DAF /* Pods-testProg.debug.xcconfig */ = {isa = PBXFileReference; includeInIndex = 1; lastKnownFileType = text.xcconfig; name = "Pods-testProg.debug.xcconfig"; path = "Pods/Target Support Files/Pods-testProg/Pods-testProg.debug.xcconfig"; sourceTree = "<group>"; };
/* End PBXFileReference section */

/* Begin PBXFrameworksBuildPhase section */
		861C9A731B7888FE00479DD5 /* Frameworks */ = {
			isa = PBXFrameworksBuildPhase;
			buildActionMask = 2147483647;
			files = (
				558592B07C5F9C42B8AC8CCE /* libPods-testProg.a in Frameworks */,
			);
			runOnlyForDeploymentPostprocessing = 0;
		};
		861C9A8F1B7888FE00479DD5 /* Frameworks */ = {
			isa = PBXFrameworksBuildPhase;
			buildActionMask = 2147483647;
			files = (
			);
			runOnlyForDeploymentPostprocessing = 0;
		};
/* End PBXFrameworksBuildPhase section */

/* Begin PBXGroup section */
		0F5D0CF7F3520D9D4800E158 /* Frameworks */ = {
			isa = PBXGroup;
			children = (
				2A3B1EB8C010119BC15ED324 /* libPods-testProg.a */,
			);
			name = Frameworks;
			sourceTree = "<group>";
		};
		86076B8A1B7B681C00A015D3 /* images */ = {
			isa = PBXGroup;
			children = (
				86076B861B7B675A00A015D3 /* leftMenu.jpg */,
			);
			name = images;
			sourceTree = "<group>";
		};
		861C9A6D1B7888FE00479DD5 = {
			isa = PBXGroup;
			children = (
				861C9A781B7888FE00479DD5 /* testProg */,
				861C9A951B7888FE00479DD5 /* testProgTests */,
				861C9A771B7888FE00479DD5 /* Products */,
				EAFB909CA564E6E24C9EFA19 /* Pods */,
				0F5D0CF7F3520D9D4800E158 /* Frameworks */,
			);
			sourceTree = "<group>";
		};
		861C9A771B7888FE00479DD5 /* Products */ = {
			isa = PBXGroup;
			children = (
				861C9A761B7888FE00479DD5 /* testProg.app */,
				861C9A921B7888FE00479DD5 /* testProgTests.xctest */,
			);
			name = Products;
			sourceTree = "<group>";
		};
		861C9A781B7888FE00479DD5 /* testProg */ = {
			isa = PBXGroup;
			children = (
				86076B8A1B7B681C00A015D3 /* images */,
				861C9A7D1B7888FE00479DD5 /* AppDelegate.h */,
				861C9A7E1B7888FE00479DD5 /* AppDelegate.m */,
				861C9A831B7888FE00479DD5 /* ViewController.h */,
				861C9A841B7888FE00479DD5 /* ViewController.m */,
				861C9A861B7888FE00479DD5 /* Main.storyboard */,
				861C9A891B7888FE00479DD5 /* Images.xcassets */,
				861C9A7B1B7888FE00479DD5 /* main.m */,
				861C9A8B1B7888FE00479DD5 /* LaunchScreen.xib */,
				861C9A7A1B7888FE00479DD5 /* Info.plist */,
				861C9A801B7888FE00479DD5 /* testProg.xcdatamodeld */,
				8699861B1B8B3CA0001810C0 /* UiWebView.h */,
				8699861C1B8B3CA0001810C0 /* UiWebView.m */,
				86076B831B7B5EA400A015D3 /* HomeViewController.h */,
				86076B841B7B5EA400A015D3 /* HomeViewController.m */,
				86076B801B7B3AE100A015D3 /* LeftMenuViewViewController.h */,
				86076B811B7B3AE100A015D3 /* LeftMenuViewViewController.m */,
				86B3D5031B7CA22A00CA868F /* GoogleMapsApi.h */,
				86B3D5041B7CA22A00CA868F /* GoogleMapsApi.m */,
			);
			path = testProg;
			sourceTree = "<group>";
		};
		861C9A951B7888FE00479DD5 /* testProgTests */ = {
			isa = PBXGroup;
			children = (
				861C9A981B7888FE00479DD5 /* testProgTests.m */,
				861C9A961B7888FE00479DD5 /* Supporting Files */,
			);
			path = testProgTests;
			sourceTree = "<group>";
		};
		861C9A961B7888FE00479DD5 /* Supporting Files */ = {
			isa = PBXGroup;
			children = (
				861C9A971B7888FE00479DD5 /* Info.plist */,
			);
			name = "Supporting Files";
			sourceTree = "<group>";
		};
		EAFB909CA564E6E24C9EFA19 /* Pods */ = {
			isa = PBXGroup;
			children = (
				C2D2BD2BB7F26E2E2B9A0DAF /* Pods-testProg.debug.xcconfig */,
				1F332FB86A84EEF8D43DA2BE /* Pods-testProg.release.xcconfig */,
			);
			name = Pods;
			sourceTree = "<group>";
		};
/* End PBXGroup section */

/* Begin PBXNativeTarget section */
		861C9A751B7888FE00479DD5 /* testProg */ = {
			isa = PBXNativeTarget;
			buildConfigurationList = 861C9A9C1B7888FE00479DD5 /* Build configuration list for PBXNativeTarget "testProg" */;
			buildPhases = (
				0935FA91C09556637C14842A /* Check Pods Manifest.lock */,
				861C9A721B7888FE00479DD5 /* Sources */,
				861C9A731B7888FE00479DD5 /* Frameworks */,
				861C9A741B7888FE00479DD5 /* Resources */,
				DF7C945793C98BED50DAD19F /* Copy Pods Resources */,
			);
			buildRules = (
			);
			dependencies = (
			);
			name = testProg;
			productName = testProg;
			productReference = 861C9A761B7888FE00479DD5 /* testProg.app */;
			productType = "com.apple.product-type.application";
		};
		861C9A911B7888FE00479DD5 /* testProgTests */ = {
			isa = PBXNativeTarget;
			buildConfigurationList = 861C9A9F1B7888FE00479DD5 /* Build configuration list for PBXNativeTarget "testProgTests" */;
			buildPhases = (
				861C9A8E1B7888FE00479DD5 /* Sources */,
				861C9A8F1B7888FE00479DD5 /* Frameworks */,
				861C9A901B7888FE00479DD5 /* Resources */,
			);
			buildRules = (
			);
			dependencies = (
				861C9A941B7888FE00479DD5 /* PBXTargetDependency */,
			);
			name = testProgTests;
			productName = testProgTests;
			productReference = 861C9A921B7888FE00479DD5 /* testProgTests.xctest */;
			productType = "com.apple.product-type.bundle.unit-test";
		};
/* End PBXNativeTarget section */

/* Begin PBXProject section */
		861C9A6E1B7888FE00479DD5 /* Project object */ = {
			isa = PBXProject;
			attributes = {
				LastUpgradeCheck = 0610;
				ORGANIZATIONNAME = Vladislav;
				TargetAttributes = {
					861C9A751B7888FE00479DD5 = {
						CreatedOnToolsVersion = 6.1.1;
					};
					861C9A911B7888FE00479DD5 = {
						CreatedOnToolsVersion = 6.1.1;
						TestTargetID = 861C9A751B7888FE00479DD5;
					};
				};
			};
			buildConfigurationList = 861C9A711B7888FE00479DD5 /* Build configuration list for PBXProject "testProg" */;
			compatibilityVersion = "Xcode 3.2";
			developmentRegion = English;
			hasScannedForEncodings = 0;
			knownRegions = (
				en,
				Base,
			);
			mainGroup = 861C9A6D1B7888FE00479DD5;
			productRefGroup = 861C9A771B7888FE00479DD5 /* Products */;
			projectDirPath = "";
			projectRoot = "";
			targets = (
				861C9A751B7888FE00479DD5 /* testProg */,
				861C9A911B7888FE00479DD5 /* testProgTests */,
			);
		};
/* End PBXProject section */

/* Begin PBXResourcesBuildPhase section */
		861C9A741B7888FE00479DD5 /* Resources */ = {
			isa = PBXResourcesBuildPhase;
			buildActionMask = 2147483647;
			files = (
				861C9A881B7888FE00479DD5 /* Main.storyboard in Resources */,
				861C9A8D1B7888FE00479DD5 /* LaunchScreen.xib in Resources */,
				861C9A8A1B7888FE00479DD5 /* Images.xcassets in Resources */,
				86076B871B7B675A00A015D3 /* leftMenu.jpg in Resources */,
			);
			runOnlyForDeploymentPostprocessing = 0;
		};
		861C9A901B7888FE00479DD5 /* Resources */ = {
			isa = PBXResourcesBuildPhase;
			buildActionMask = 2147483647;
			files = (
			);
			runOnlyForDeploymentPostprocessing = 0;
		};
/* End PBXResourcesBuildPhase section */

/* Begin PBXShellScriptBuildPhase section */
		0935FA91C09556637C14842A /* Check Pods Manifest.lock */ = {
			isa = PBXShellScriptBuildPhase;
			buildActionMask = 2147483647;
			files = (
			);
			inputPaths = (
			);
			name = "Check Pods Manifest.lock";
			outputPaths = (
			);
			runOnlyForDeploymentPostprocessing = 0;
			shellPath = /bin/sh;
			shellScript = "diff \"${PODS_ROOT}/../Podfile.lock\" \"${PODS_ROOT}/Manifest.lock\" > /dev/null\nif [[ $? != 0 ]] ; then\n    cat << EOM\nerror: The sandbox is not in sync with the Podfile.lock. Run 'pod install' or update your CocoaPods installation.\nEOM\n    exit 1\nfi\n";
			showEnvVarsInLog = 0;
		};
		DF7C945793C98BED50DAD19F /* Copy Pods Resources */ = {
			isa = PBXShellScriptBuildPhase;
			buildActionMask = 2147483647;
			files = (
			);
			inputPaths = (
			);
			name = "Copy Pods Resources";
			outputPaths = (
			);
			runOnlyForDeploymentPostprocessing = 0;
			shellPath = /bin/sh;
			shellScript = "\"${SRCROOT}/Pods/Target Support Files/Pods-testProg/Pods-testProg-resources.sh\"\n";
			showEnvVarsInLog = 0;
		};
/* End PBXShellScriptBuildPhase section */

/* Begin PBXSourcesBuildPhase section */
		861C9A721B7888FE00479DD5 /* Sources */ = {
			isa = PBXSourcesBuildPhase;
			buildActionMask = 2147483647;
			files = (
				861C9A7F1B7888FE00479DD5 /* AppDelegate.m in Sources */,
				861C9A7C1B7888FE00479DD5 /* main.m in Sources */,
				86076B821B7B3AE100A015D3 /* LeftMenuViewViewController.m in Sources */,
				8699861D1B8B3CA0001810C0 /* UiWebView.m in Sources */,
				861C9A851B7888FE00479DD5 /* ViewController.m in Sources */,
				86B3D5051B7CA22A00CA868F /* GoogleMapsApi.m in Sources */,
				861C9A821B7888FE00479DD5 /* testProg.xcdatamodeld in Sources */,
				86076B851B7B5EA400A015D3 /* HomeViewController.m in Sources */,
			);
			runOnlyForDeploymentPostprocessing = 0;
		};
		861C9A8E1B7888FE00479DD5 /* Sources */ = {
			isa = PBXSourcesBuildPhase;
			buildActionMask = 2147483647;
			files = (
				861C9A991B7888FE00479DD5 /* testProgTests.m in Sources */,
			);
			runOnlyForDeploymentPostprocessing = 0;
		};
/* End PBXSourcesBuildPhase section */

/* Begin PBXTargetDependency section */
		861C9A941B7888FE00479DD5 /* PBXTargetDependency */ = {
			isa = PBXTargetDependency;
			target = 861C9A751B7888FE00479DD5 /* testProg */;
			targetProxy = 861C9A931B7888FE00479DD5 /* PBXContainerItemProxy */;
		};
/* End PBXTargetDependency section */

/* Begin PBXVariantGroup section */
		861C9A861B7888FE00479DD5 /* Main.storyboard */ = {
			isa = PBXVariantGroup;
			children = (
				861C9A871B7888FE00479DD5 /* Base */,
			);
			name = Main.storyboard;
			sourceTree = "<group>";
		};
		861C9A8B1B7888FE00479DD5 /* LaunchScreen.xib */ = {
			isa = PBXVariantGroup;
			children = (
				861C9A8C1B7888FE00479DD5 /* Base */,
			);
			name = LaunchScreen.xib;
			sourceTree = "<group>";
		};
/* End PBXVariantGroup section */

/* Begin XCBuildConfiguration section */
		861C9A9A1B7888FE00479DD5 /* Debug */ = {
			isa = XCBuildConfiguration;
			buildSettings = {
				ALWAYS_SEARCH_USER_PATHS = NO;
				CLANG_CXX_LANGUAGE_STANDARD = "gnu++0x";
				CLANG_CXX_LIBRARY = "libc++";
				CLANG_ENABLE_MODULES = YES;
				CLANG_ENABLE_OBJC_ARC = YES;
				CLANG_WARN_BOOL_CONVERSION = YES;
				CLANG_WARN_CONSTANT_CONVERSION = YES;
				CLANG_WARN_DIRECT_OBJC_ISA_USAGE = YES_ERROR;
				CLANG_WARN_EMPTY_BODY = YES;
				CLANG_WARN_ENUM_CONVERSION = YES;
				CLANG_WARN_INT_CONVERSION = YES;
				CLANG_WARN_OBJC_ROOT_CLASS = YES_ERROR;
				CLANG_WARN_UNREACHABLE_CODE = YES;
				CLANG_WARN__DUPLICATE_METHOD_MATCH = YES;
				"CODE_SIGN_IDENTITY[sdk=iphoneos*]" = "iPhone Developer";
				COPY_PHASE_STRIP = NO;
				ENABLE_STRICT_OBJC_MSGSEND = YES;
				GCC_C_LANGUAGE_STANDARD = gnu99;
				GCC_DYNAMIC_NO_PIC = NO;
				GCC_OPTIMIZATION_LEVEL = 0;
				GCC_PREPROCESSOR_DEFINITIONS = (
					"DEBUG=1",
					"$(inherited)",
				);
				GCC_SYMBOLS_PRIVATE_EXTERN = NO;
				GCC_WARN_64_TO_32_BIT_CONVERSION = YES;
				GCC_WARN_ABOUT_RETURN_TYPE = YES_ERROR;
				GCC_WARN_UNDECLARED_SELECTOR = YES;
				GCC_WARN_UNINITIALIZED_AUTOS = YES_AGGRESSIVE;
				GCC_WARN_UNUSED_FUNCTION = YES;
				GCC_WARN_UNUSED_VARIABLE = YES;
				IPHONEOS_DEPLOYMENT_TARGET = 8.1;
				MTL_ENABLE_DEBUG_INFO = YES;
				ONLY_ACTIVE_ARCH = YES;
				SDKROOT = iphoneos;
				TARGETED_DEVICE_FAMILY = "1,2";
			};
			name = Debug;
		};
		861C9A9B1B7888FE00479DD5 /* Release */ = {
			isa = XCBuildConfiguration;
			buildSettings = {
				ALWAYS_SEARCH_USER_PATHS = NO;
				CLANG_CXX_LANGUAGE_STANDARD = "gnu++0x";
				CLANG_CXX_LIBRARY = "libc++";
				CLANG_ENABLE_MODULES = YES;
				CLANG_ENABLE_OBJC_ARC = YES;
				CLANG_WARN_BOOL_CONVERSION = YES;
				CLANG_WARN_CONSTANT_CONVERSION = YES;
				CLANG_WARN_DIRECT_OBJC_ISA_USAGE = YES_ERROR;
				CLANG_WARN_EMPTY_BODY = YES;
				CLANG_WARN_ENUM_CONVERSION = YES;
				CLANG_WARN_INT_CONVERSION = YES;
				CLANG_WARN_OBJC_ROOT_CLASS = YES_ERROR;
				CLANG_WARN_UNREACHABLE_CODE = YES;
				CLANG_WARN__DUPLICATE_METHOD_MATCH = YES;
				"CODE_SIGN_IDENTITY[sdk=iphoneos*]" = "iPhone Developer";
				COPY_PHASE_STRIP = YES;
				ENABLE_NS_ASSERTIONS = NO;
				ENABLE_STRICT_OBJC_MSGSEND = YES;
				GCC_C_LANGUAGE_STANDARD = gnu99;
				GCC_WARN_64_TO_32_BIT_CONVERSION = YES;
				GCC_WARN_ABOUT_RETURN_TYPE = YES_ERROR;
				GCC_WARN_UNDECLARED_SELECTOR = YES;
				GCC_WARN_UNINITIALIZED_AUTOS = YES_AGGRESSIVE;
				GCC_WARN_UNUSED_FUNCTION = YES;
				GCC_WARN_UNUSED_VARIABLE = YES;
				IPHONEOS_DEPLOYMENT_TARGET = 8.1;
				MTL_ENABLE_DEBUG_INFO = NO;
				SDKROOT = iphoneos;
				TARGETED_DEVICE_FAMILY = "1,2";
				VALIDATE_PRODUCT = YES;
			};
			name = Release;
		};
		861C9A9D1B7888FE00479DD5 /* Debug */ = {
			isa = XCBuildConfiguration;
			baseConfigurationReference = C2D2BD2BB7F26E2E2B9A0DAF /* Pods-testProg.debug.xcconfig */;
			buildSettings = {
				ASSETCATALOG_COMPILER_APPICON_NAME = AppIcon;
				INFOPLIST_FILE = testProg/Info.plist;
				IPHONEOS_DEPLOYMENT_TARGET = 8.0;
				LD_RUNPATH_SEARCH_PATHS = "$(inherited) @executable_path/Frameworks";
				PRODUCT_NAME = "$(TARGET_NAME)";
			};
			name = Debug;
		};
		861C9A9E1B7888FE00479DD5 /* Release */ = {
			isa = XCBuildConfiguration;
			baseConfigurationReference = 1F332FB86A84EEF8D43DA2BE /* Pods-testProg.release.xcconfig */;
			buildSettings = {
				ASSETCATALOG_COMPILER_APPICON_NAME = AppIcon;
				INFOPLIST_FILE = testProg/Info.plist;
				IPHONEOS_DEPLOYMENT_TARGET = 8.0;
				LD_RUNPATH_SEARCH_PATHS = "$(inherited) @executable_path/Frameworks";
				PRODUCT_NAME = "$(TARGET_NAME)";
			};
			name = Release;
		};
		861C9AA01B7888FE00479DD5 /* Debug */ = {
			isa = XCBuildConfiguration;
			buildSettings = {
				BUNDLE_LOADER = "$(TEST_HOST)";
				FRAMEWORK_SEARCH_PATHS = (
					"$(SDKROOT)/Developer/Library/Frameworks",
					"$(inherited)",
				);
				GCC_PREPROCESSOR_DEFINITIONS = (
					"DEBUG=1",
					"$(inherited)",
				);
				INFOPLIST_FILE = testProgTests/Info.plist;
				LD_RUNPATH_SEARCH_PATHS = "$(inherited) @executable_path/Frameworks @loader_path/Frameworks";
				PRODUCT_NAME = "$(TARGET_NAME)";
				TEST_HOST = "$(BUILT_PRODUCTS_DIR)/testProg.app/testProg";
			};
			name = Debug;
		};
		861C9AA11B7888FE00479DD5 /* Release */ = {
			isa = XCBuildConfiguration;
			buildSettings = {
				BUNDLE_LOADER = "$(TEST_HOST)";
				FRAMEWORK_SEARCH_PATHS = (
					"$(SDKROOT)/Developer/Library/Frameworks",
					"$(inherited)",
				);
				INFOPLIST_FILE = testProgTests/Info.plist;
				LD_RUNPATH_SEARCH_PATHS = "$(inherited) @executable_path/Frameworks @loader_path/Frameworks";
				PRODUCT_NAME = "$(TARGET_NAME)";
				TEST_HOST = "$(BUILT_PRODUCTS_DIR)/testProg.app/testProg";
			};
			name = Release;
		};
/* End XCBuildConfiguration section */

/* Begin XCConfigurationList section */
		861C9A711B7888FE00479DD5 /* Build configuration list for PBXProject "testProg" */ = {
			isa = XCConfigurationList;
			buildConfigurations = (
				861C9A9A1B7888FE00479DD5 /* Debug */,
				861C9A9B1B7888FE00479DD5 /* Release */,
			);
			defaultConfigurationIsVisible = 0;
			defaultConfigurationName = Release;
		};
		861C9A9C1B7888FE00479DD5 /* Build configuration list for PBXNativeTarget "testProg" */ = {
			isa = XCConfigurationList;
			buildConfigurations = (
				861C9A9D1B7888FE00479DD5 /* Debug */,
				861C9A9E1B7888FE00479DD5 /* Release */,
			);
			defaultConfigurationIsVisible = 0;
			defaultConfigurationName = Release;
		};
		861C9A9F1B7888FE00479DD5 /* Build configuration list for PBXNativeTarget "testProgTests" */ = {
			isa = XCConfigurationList;
			buildConfigurations = (
				861C9AA01B7888FE00479DD5 /* Debug */,
				861C9AA11B7888FE00479DD5 /* Release */,
			);
			defaultConfigurationIsVisible = 0;
			defaultConfigurationName = Release;
		};
/* End XCConfigurationList section */

/* Begin XCVersionGroup section */
		861C9A801B7888FE00479DD5 /* testProg.xcdatamodeld */ = {
			isa = XCVersionGroup;
			children = (
				861C9A811B7888FE00479DD5 /* testProg.xcdatamodel */,
			);
			currentVersion = 861C9A811B7888FE00479DD5 /* testProg.xcdatamodel */;
			path = testProg.xcdatamodeld;
			sourceTree = "<group>";
			versionGroupType = wrapper.xcdatamodel;
		};
/* End XCVersionGroup section */
	};
	rootObject = 861C9A6E1B7888FE00479DD5 /* Project object */;
}
